lockfileVersion: '9.0'

settings:
  autoInstallPeers: true
  excludeLinksFromLockfile: false

importers:

  .:
    dependencies:
      font-awesome:
        specifier: ^4.7.0
        version: 4.7.0

packages:

  font-awesome@4.7.0:
    resolution: {integrity: sha512-U6kGnykA/6bFmg1M/oT9EkFeIYv7JlX3bozwQJWiiLz6L0w3F5vBVPxHlwyX/vtNq1ckcpRKOB9f2Qal/VtFpg==}
    engines: {node: '>=0.10.3'}

snapshots:

  font-awesome@4.7.0: {}
